// !$*UTF8*$!
{
	archiveVersion = 1;
	classes = {
	};
	objectVersion = 50;
	objects = {

/* Begin PBXBuildFile section */
		1B93BE22220C08F0003F082A /* AppDelegate.swift in Sources */ = {isa = PBXBuildFile; fileRef = 1B93BE21220C08F0003F082A /* AppDelegate.swift */; };
		1B93BE24220C08F0003F082A /* ViewController.swift in Sources */ = {isa = PBXBuildFile; fileRef = 1B93BE23220C08F0003F082A /* ViewController.swift */; };
		1B93BE26220C08F2003F082A /* Assets.xcassets in Resources */ = {isa = PBXBuildFile; fileRef = 1B93BE25220C08F2003F082A /* Assets.xcassets */; };
		1B93BE29220C08F2003F082A /* Main.storyboard in Resources */ = {isa = PBXBuildFile; fileRef = 1B93BE27220C08F2003F082A /* Main.storyboard */; };
		1B93BE35220C08F2003F082A /* SchedulerTests.swift in Sources */ = {isa = PBXBuildFile; fileRef = 1B93BE34220C08F2003F082A /* SchedulerTests.swift */; };
		1B93BE40220C08F2003F082A /* SchedulerUITests.swift in Sources */ = {isa = PBXBuildFile; fileRef = 1B93BE3F220C08F2003F082A /* SchedulerUITests.swift */; };
/* End PBXBuildFile section */

/* Begin PBXContainerItemProxy section */
		1B93BE31220C08F2003F082A /* PBXContainerItemProxy */ = {
			isa = PBXContainerItemProxy;
			containerPortal = 1B93BE16220C08F0003F082A /* Project object */;
			proxyType = 1;
			remoteGlobalIDString = 1B93BE1D220C08F0003F082A;
			remoteInfo = Scheduler;
		};
		1B93BE3C220C08F2003F082A /* PBXContainerItemProxy */ = {
			isa = PBXContainerItemProxy;
			containerPortal = 1B93BE16220C08F0003F082A /* Project object */;
			proxyType = 1;
			remoteGlobalIDString = 1B93BE1D220C08F0003F082A;
			remoteInfo = Scheduler;
		};
/* End PBXContainerItemProxy section */

/* Begin PBXFileReference section */
		1B93BE1E220C08F0003F082A /* Scheduler.app */ = {isa = PBXFileReference; explicitFileType = wrapper.application; includeInIndex = 0; path = Scheduler.app; sourceTree = BUILT_PRODUCTS_DIR; };
		1B93BE21220C08F0003F082A /* AppDelegate.swift */ = {isa = PBXFileReference; lastKnownFileType = sourcecode.swift; path = AppDelegate.swift; sourceTree = "<group>"; };
		1B93BE23220C08F0003F082A /* ViewController.swift */ = {isa = PBXFileReference; lastKnownFileType = sourcecode.swift; path = ViewController.swift; sourceTree = "<group>"; };
		1B93BE25220C08F2003F082A /* Assets.xcassets */ = {isa = PBXFileReference; lastKnownFileType = folder.assetcatalog; path = Assets.xcassets; sourceTree = "<group>"; };
		1B93BE28220C08F2003F082A /* Base */ = {isa = PBXFileReference; lastKnownFileType = file.storyboard; name = Base; path = Base.lproj/Main.storyboard; sourceTree = "<group>"; };
		1B93BE2A220C08F2003F082A /* Info.plist */ = {isa = PBXFileReference; lastKnownFileType = text.plist.xml; path = Info.plist; sourceTree = "<group>"; };
		1B93BE2B220C08F2003F082A /* Scheduler.entitlements */ = {isa = PBXFileReference; lastKnownFileType = text.plist.entitlements; path = Scheduler.entitlements; sourceTree = "<group>"; };
		1B93BE30220C08F2003F082A /* SchedulerTests.xctest */ = {isa = PBXFileReference; explicitFileType = wrapper.cfbundle; includeInIndex = 0; path = SchedulerTests.xctest; sourceTree = BUILT_PRODUCTS_DIR; };
		1B93BE34220C08F2003F082A /* SchedulerTests.swift */ = {isa = PBXFileReference; lastKnownFileType = sourcecode.swift; path = SchedulerTests.swift; sourceTree = "<group>"; };
		1B93BE36220C08F2003F082A /* Info.plist */ = {isa = PBXFileReference; lastKnownFileType = text.plist.xml; path = Info.plist; sourceTree = "<group>"; };
		1B93BE3B220C08F2003F082A /* SchedulerUITests.xctest */ = {isa = PBXFileReference; explicitFileType = wrapper.cfbundle; includeInIndex = 0; path = SchedulerUITests.xctest; sourceTree = BUILT_PRODUCTS_DIR; };
		1B93BE3F220C08F2003F082A /* SchedulerUITests.swift */ = {isa = PBXFileReference; lastKnownFileType = sourcecode.swift; path = SchedulerUITests.swift; sourceTree = "<group>"; };
		1B93BE41220C08F2003F082A /* Info.plist */ = {isa = PBXFileReference; lastKnownFileType = text.plist.xml; path = Info.plist; sourceTree = "<group>"; };
/* End PBXFileReference section */

/* Begin PBXFrameworksBuildPhase section */
		1B93BE1B220C08F0003F082A /* Frameworks */ = {
			isa = PBXFrameworksBuildPhase;
			buildActionMask = 2147483647;
			files = (
			);
			runOnlyForDeploymentPostprocessing = 0;
		};
		1B93BE2D220C08F2003F082A /* Frameworks */ = {
			isa = PBXFrameworksBuildPhase;
			buildActionMask = 2147483647;
			files = (
			);
			runOnlyForDeploymentPostprocessing = 0;
		};
		1B93BE38220C08F2003F082A /* Frameworks */ = {
			isa = PBXFrameworksBuildPhase;
			buildActionMask = 2147483647;
			files = (
			);
			runOnlyForDeploymentPostprocessing = 0;
		};
/* End PBXFrameworksBuildPhase section */

/* Begin PBXGroup section */
		1B93BE15220C08F0003F082A = {
			isa = PBXGroup;
			children = (
				1B93BE20220C08F0003F082A /* Scheduler */,
				1B93BE33220C08F2003F082A /* SchedulerTests */,
				1B93BE3E220C08F2003F082A /* SchedulerUITests */,
				1B93BE1F220C08F0003F082A /* Products */,
			);
			sourceTree = "<group>";
		};
		1B93BE1F220C08F0003F082A /* Products */ = {
			isa = PBXGroup;
			children = (
				1B93BE1E220C08F0003F082A /* Scheduler.app */,
				1B93BE30220C08F2003F082A /* SchedulerTests.xctest */,
				1B93BE3B220C08F2003F082A /* SchedulerUITests.xctest */,
			);
			name = Products;
			sourceTree = "<group>";
		};
		1B93BE20220C08F0003F082A /* Scheduler */ = {
			isa = PBXGroup;
			children = (
				1B93BE21220C08F0003F082A /* AppDelegate.swift */,
				1B93BE23220C08F0003F082A /* ViewController.swift */,
				1B93BE25220C08F2003F082A /* Assets.xcassets */,
				1B93BE27220C08F2003F082A /* Main.storyboard */,
				1B93BE2A220C08F2003F082A /* Info.plist */,
				1B93BE2B220C08F2003F082A /* Scheduler.entitlements */,
			);
			path = Scheduler;
			sourceTree = "<group>";
		};
		1B93BE33220C08F2003F082A /* SchedulerTests */ = {
			isa = PBXGroup;
			children = (
				1B93BE34220C08F2003F082A /* SchedulerTests.swift */,
				1B93BE36220C08F2003F082A /* Info.plist */,
			);
			path = SchedulerTests;
			sourceTree = "<group>";
		};
		1B93BE3E220C08F2003F082A /* SchedulerUITests */ = {
			isa = PBXGroup;
			children = (
				1B93BE3F220C08F2003F082A /* SchedulerUITests.swift */,
				1B93BE41220C08F2003F082A /* Info.plist */,
			);
			path = SchedulerUITests;
			sourceTree = "<group>";
		};
/* End PBXGroup section */

/* Begin PBXNativeTarget section */
		1B93BE1D220C08F0003F082A /* Scheduler */ = {
			isa = PBXNativeTarget;
			buildConfigurationList = 1B93BE44220C08F2003F082A /* Build configuration list for PBXNativeTarget "Scheduler" */;
			buildPhases = (
				1B93BE1A220C08F0003F082A /* Sources */,
				1B93BE1B220C08F0003F082A /* Frameworks */,
				1B93BE1C220C08F0003F082A /* Resources */,
			);
			buildRules = (
			);
			dependencies = (
			);
			name = Scheduler;
			productName = Scheduler;
			productReference = 1B93BE1E220C08F0003F082A /* Scheduler.app */;
			productType = "com.apple.product-type.application";
		};
		1B93BE2F220C08F2003F082A /* SchedulerTests */ = {
			isa = PBXNativeTarget;
			buildConfigurationList = 1B93BE47220C08F2003F082A /* Build configuration list for PBXNativeTarget "SchedulerTests" */;
			buildPhases = (
				1B93BE2C220C08F2003F082A /* Sources */,
				1B93BE2D220C08F2003F082A /* Frameworks */,
				1B93BE2E220C08F2003F082A /* Resources */,
			);
			buildRules = (
			);
			dependencies = (
				1B93BE32220C08F2003F082A /* PBXTargetDependency */,
			);
			name = SchedulerTests;
			productName = SchedulerTests;
			productReference = 1B93BE30220C08F2003F082A /* SchedulerTests.xctest */;
			productType = "com.apple.product-type.bundle.unit-test";
		};
		1B93BE3A220C08F2003F082A /* SchedulerUITests */ = {
			isa = PBXNativeTarget;
			buildConfigurationList = 1B93BE4A220C08F2003F082A /* Build configuration list for PBXNativeTarget "SchedulerUITests" */;
			buildPhases = (
				1B93BE37220C08F2003F082A /* Sources */,
				1B93BE38220C08F2003F082A /* Frameworks */,
				1B93BE39220C08F2003F082A /* Resources */,
			);
			buildRules = (
			);
			dependencies = (
				1B93BE3D220C08F2003F082A /* PBXTargetDependency */,
			);
			name = SchedulerUITests;
			productName = SchedulerUITests;
			productReference = 1B93BE3B220C08F2003F082A /* SchedulerUITests.xctest */;
			productType = "com.apple.product-type.bundle.ui-testing";
		};
/* End PBXNativeTarget section */

/* Begin PBXProject section */
		1B93BE16220C08F0003F082A /* Project object */ = {
			isa = PBXProject;
			attributes = {
				LastSwiftUpdateCheck = 1010;
				LastUpgradeCheck = 1010;
				ORGANIZATIONNAME = "Michael Brazeau";
				TargetAttributes = {
					1B93BE1D220C08F0003F082A = {
						CreatedOnToolsVersion = 10.1;
					};
					1B93BE2F220C08F2003F082A = {
						CreatedOnToolsVersion = 10.1;
						TestTargetID = 1B93BE1D220C08F0003F082A;
					};
					1B93BE3A220C08F2003F082A = {
						CreatedOnToolsVersion = 10.1;
						TestTargetID = 1B93BE1D220C08F0003F082A;
					};
				};
			};
			buildConfigurationList = 1B93BE19220C08F0003F082A /* Build configuration list for PBXProject "Scheduler" */;
			compatibilityVersion = "Xcode 9.3";
			developmentRegion = en;
			hasScannedForEncodings = 0;
			knownRegions = (
				en,
				Base,
			);
			mainGroup = 1B93BE15220C08F0003F082A;
			productRefGroup = 1B93BE1F220C08F0003F082A /* Products */;
			projectDirPath = "";
			projectRoot = "";
			targets = (
				1B93BE1D220C08F0003F082A /* Scheduler */,
				1B93BE2F220C08F2003F082A /* SchedulerTests */,
				1B93BE3A220C08F2003F082A /* SchedulerUITests */,
			);
		};
/* End PBXProject section */

/* Begin PBXResourcesBuildPhase section */
		1B93BE1C220C08F0003F082A /* Resources */ = {
			isa = PBXResourcesBuildPhase;
			buildActionMask = 2147483647;
			files = (
				1B93BE26220C08F2003F082A /* Assets.xcassets in Resources */,
				1B93BE29220C08F2003F082A /* Main.storyboard in Resources */,
			);
			runOnlyForDeploymentPostprocessing = 0;
		};
		1B93BE2E220C08F2003F082A /* Resources */ = {
			isa = PBXResourcesBuildPhase;
			buildActionMask = 2147483647;
			files = (
			);
			runOnlyForDeploymentPostprocessing = 0;
		};
		1B93BE39220C08F2003F082A /* Resources */ = {
			isa = PBXResourcesBuildPhase;
			buildActionMask = 2147483647;
			files = (
			);
			runOnlyForDeploymentPostprocessing = 0;
		};
/* End PBXResourcesBuildPhase section */

/* Begin PBXSourcesBuildPhase section */
		1B93BE1A220C08F0003F082A /* Sources */ = {
			isa = PBXSourcesBuildPhase;
			buildActionMask = 2147483647;
			files = (
				1B93BE24220C08F0003F082A /* ViewController.swift in Sources */,
				1B93BE22220C08F0003F082A /* AppDelegate.swift in Sources */,
			);
			runOnlyForDeploymentPostprocessing = 0;
		};
		1B93BE2C220C08F2003F082A /* Sources */ = {
			isa = PBXSourcesBuildPhase;
			buildActionMask = 2147483647;
			files = (
				1B93BE35220C08F2003F082A /* SchedulerTests.swift in Sources */,
			);
			runOnlyForDeploymentPostprocessing = 0;
		};
		1B93BE37220C08F2003F082A /* Sources */ = {
			isa = PBXSourcesBuildPhase;
			buildActionMask = 2147483647;
			files = (
				1B93BE40220C08F2003F082A /* SchedulerUITests.swift in Sources */,
			);
			runOnlyForDeploymentPostprocessing = 0;
		};
/* End PBXSourcesBuildPhase section */

/* Begin PBXTargetDependency section */
		1B93BE32220C08F2003F082A /* PBXTargetDependency */ = {
			isa = PBXTargetDependency;
			target = 1B93BE1D220C08F0003F082A /* Scheduler */;
			targetProxy = 1B93BE31220C08F2003F082A /* PBXContainerItemProxy */;
		};
		1B93BE3D220C08F2003F082A /* PBXTargetDependency */ = {
			isa = PBXTargetDependency;
			target = 1B93BE1D220C08F0003F082A /* Scheduler */;
			targetProxy = 1B93BE3C220C08F2003F082A /* PBXContainerItemProxy */;
		};
/* End PBXTargetDependency section */

/* Begin PBXVariantGroup section */
		1B93BE27220C08F2003F082A /* Main.storyboard */ = {
			isa = PBXVariantGroup;
			children = (
				1B93BE28220C08F2003F082A /* Base */,
			);
			name = Main.storyboard;
			sourceTree = "<group>";
		};
/* End PBXVariantGroup section */

/* Begin XCBuildConfiguration section */
		1B93BE42220C08F2003F082A /* Debug */ = {
			isa = XCBuildConfiguration;
			buildSettings = {
				ALWAYS_SEARCH_USER_PATHS = NO;
				CLANG_ANALYZER_NONNULL = YES;
				CLANG_ANALYZER_NUMBER_OBJECT_CONVERSION = YES_AGGRESSIVE;
				CLANG_CXX_LANGUAGE_STANDARD = "gnu++14";
				CLANG_CXX_LIBRARY = "libc++";
				CLANG_ENABLE_MODULES = YES;
				CLANG_ENABLE_OBJC_ARC = YES;
				CLANG_ENABLE_OBJC_WEAK = YES;
				CLANG_WARN_BLOCK_CAPTURE_AUTORELEASING = YES;
				CLANG_WARN_BOOL_CONVERSION = YES;
				CLANG_WARN_COMMA = YES;
				CLANG_WARN_CONSTANT_CONVERSION = YES;
				CLANG_WARN_DEPRECATED_OBJC_IMPLEMENTATIONS = YES;
				CLANG_WARN_DIRECT_OBJC_ISA_USAGE = YES_ERROR;
				CLANG_WARN_DOCUMENTATION_COMMENTS = YES;
				CLANG_WARN_EMPTY_BODY = YES;
				CLANG_WARN_ENUM_CONVERSION = YES;
				CLANG_WARN_INFINITE_RECURSION = YES;
				CLANG_WARN_INT_CONVERSION = YES;
				CLANG_WARN_NON_LITERAL_NULL_CONVERSION = YES;
				CLANG_WARN_OBJC_IMPLICIT_RETAIN_SELF = YES;
				CLANG_WARN_OBJC_LITERAL_CONVERSION = YES;
				CLANG_WARN_OBJC_ROOT_CLASS = YES_ERROR;
				CLANG_WARN_RANGE_LOOP_ANALYSIS = YES;
				CLANG_WARN_STRICT_PROTOTYPES = YES;
				CLANG_WARN_SUSPICIOUS_MOVE = YES;
				CLANG_WARN_UNGUARDED_AVAILABILITY = YES_AGGRESSIVE;
				CLANG_WARN_UNREACHABLE_CODE = YES;
				CLANG_WARN__DUPLICATE_METHOD_MATCH = YES;
				CODE_SIGN_IDENTITY = "-";
				COPY_PHASE_STRIP = NO;
				DEBUG_INFORMATION_FORMAT = dwarf;
				ENABLE_STRICT_OBJC_MSGSEND = YES;
				ENABLE_TESTABILITY = YES;
				GCC_C_LANGUAGE_STANDARD = gnu11;
				GCC_DYNAMIC_NO_PIC = NO;
				GCC_NO_COMMON_BLOCKS = YES;
				GCC_OPTIMIZATION_LEVEL = 0;
				GCC_PREPROCESSOR_DEFINITIONS = (
					"DEBUG=1",
					"$(inherited)",
				);
				GCC_WARN_64_TO_32_BIT_CONVERSION = YES;
				GCC_WARN_ABOUT_RETURN_TYPE = YES_ERROR;
				GCC_WARN_UNDECLARED_SELECTOR = YES;
				GCC_WARN_UNINITIALIZED_AUTOS = YES_AGGRESSIVE;
				GCC_WARN_UNUSED_FUNCTION = YES;
				GCC_WARN_UNUSED_VARIABLE = YES;
				MACOSX_DEPLOYMENT_TARGET = 10.14;
				MTL_ENABLE_DEBUG_INFO = INCLUDE_SOURCE;
				MTL_FAST_MATH = YES;
				ONLY_ACTIVE_ARCH = YES;
				SDKROOT = macosx;
				SWIFT_ACTIVE_COMPILATION_CONDITIONS = DEBUG;
				SWIFT_OPTIMIZATION_LEVEL = "-Onone";
			};
			name = Debug;
		};
		1B93BE43220C08F2003F082A /* Release */ = {
			isa = XCBuildConfiguration;
			buildSettings = {
				ALWAYS_SEARCH_USER_PATHS = NO;
				CLANG_ANALYZER_NONNULL = YES;
				CLANG_ANALYZER_NUMBER_OBJECT_CONVERSION = YES_AGGRESSIVE;
				CLANG_CXX_LANGUAGE_STANDARD = "gnu++14";
				CLANG_CXX_LIBRARY = "libc++";
				CLANG_ENABLE_MODULES = YES;
				CLANG_ENABLE_OBJC_ARC = YES;
				CLANG_ENABLE_OBJC_WEAK = YES;
				CLANG_WARN_BLOCK_CAPTURE_AUTORELEASING = YES;
				CLANG_WARN_BOOL_CONVERSION = YES;
				CLANG_WARN_COMMA = YES;
				CLANG_WARN_CONSTANT_CONVERSION = YES;
				CLANG_WARN_DEPRECATED_OBJC_IMPLEMENTATIONS = YES;
				CLANG_WARN_DIRECT_OBJC_ISA_USAGE = YES_ERROR;
				CLANG_WARN_DOCUMENTATION_COMMENTS = YES;
				CLANG_WARN_EMPTY_BODY = YES;
				CLANG_WARN_ENUM_CONVERSION = YES;
				CLANG_WARN_INFINITE_RECURSION = YES;
				CLANG_WARN_INT_CONVERSION = YES;
				CLANG_WARN_NON_LITERAL_NULL_CONVERSION = YES;
				CLANG_WARN_OBJC_IMPLICIT_RETAIN_SELF = YES;
				CLANG_WARN_OBJC_LITERAL_CONVERSION = YES;
				CLANG_WARN_OBJC_ROOT_CLASS = YES_ERROR;
				CLANG_WARN_RANGE_LOOP_ANALYSIS = YES;
				CLANG_WARN_STRICT_PROTOTYPES = YES;
				CLANG_WARN_SUSPICIOUS_MOVE = YES;
				CLANG_WARN_UNGUARDED_AVAILABILITY = YES_AGGRESSIVE;
				CLANG_WARN_UNREACHABLE_CODE = YES;
				CLANG_WARN__DUPLICATE_METHOD_MATCH = YES;
				CODE_SIGN_IDENTITY = "-";
				COPY_PHASE_STRIP = NO;
				DEBUG_INFORMATION_FORMAT = "dwarf-with-dsym";
				ENABLE_NS_ASSERTIONS = NO;
				ENABLE_STRICT_OBJC_MSGSEND = YES;
				GCC_C_LANGUAGE_STANDARD = gnu11;
				GCC_NO_COMMON_BLOCKS = YES;
				GCC_WARN_64_TO_32_BIT_CONVERSION = YES;
				GCC_WARN_ABOUT_RETURN_TYPE = YES_ERROR;
				GCC_WARN_UNDECLARED_SELECTOR = YES;
				GCC_WARN_UNINITIALIZED_AUTOS = YES_AGGRESSIVE;
				GCC_WARN_UNUSED_FUNCTION = YES;
				GCC_WARN_UNUSED_VARIABLE = YES;
				MACOSX_DEPLOYMENT_TARGET = 10.14;
				MTL_ENABLE_DEBUG_INFO = NO;
				MTL_FAST_MATH = YES;
				SDKROOT = macosx;
				SWIFT_COMPILATION_MODE = wholemodule;
				SWIFT_OPTIMIZATION_LEVEL = "-O";
			};
			name = Release;
		};
		1B93BE45220C08F2003F082A /* Debug */ = {
			isa = XCBuildConfiguration;
			buildSettings = {
				ASSETCATALOG_COMPILER_APPICON_NAME = AppIcon;
				CODE_SIGN_ENTITLEMENTS = Scheduler/Scheduler.entitlements;
				CODE_SIGN_STYLE = Automatic;
				COMBINE_HIDPI_IMAGES = YES;
				INFOPLIST_FILE = Scheduler/Info.plist;
				LD_RUNPATH_SEARCH_PATHS = (
					"$(inherited)",
					"@executable_path/../Frameworks",
				);
				PRODUCT_BUNDLE_IDENTIFIER = edu.umich.michbraz.Scheduler;
				PRODUCT_NAME = "$(TARGET_NAME)";
				SWIFT_VERSION = 4.2;
			};
			name = Debug;
		};
		1B93BE46220C08F2003F082A /* Release */ = {
			isa = XCBuildConfiguration;
			buildSettings = {
				ASSETCATALOG_COMPILER_APPICON_NAME = AppIcon;
				CODE_SIGN_ENTITLEMENTS = Scheduler/Scheduler.entitlements;
				CODE_SIGN_STYLE = Automatic;
				COMBINE_HIDPI_IMAGES = YES;
				INFOPLIST_FILE = Scheduler/Info.plist;
				LD_RUNPATH_SEARCH_PATHS = (
					"$(inherited)",
					"@executable_path/../Frameworks",
				);
				PRODUCT_BUNDLE_IDENTIFIER = edu.umich.michbraz.Scheduler;
				PRODUCT_NAME = "$(TARGET_NAME)";
				SWIFT_VERSION = 4.2;
			};
			name = Release;
		};
		1B93BE48220C08F2003F082A /* Debug */ = {
			isa = XCBuildConfiguration;
			buildSettings = {
				ALWAYS_EMBED_SWIFT_STANDARD_LIBRARIES = YES;
				BUNDLE_LOADER = "$(TEST_HOST)";
				CODE_SIGN_STYLE = Automatic;
				COMBINE_HIDPI_IMAGES = YES;
				INFOPLIST_FILE = SchedulerTests/Info.plist;
				LD_RUNPATH_SEARCH_PATHS = (
					"$(inherited)",
					"@executable_path/../Frameworks",
					"@loader_path/../Frameworks",
				);
				PRODUCT_BUNDLE_IDENTIFIER = edu.umich.michbraz.SchedulerTests;
				PRODUCT_NAME = "$(TARGET_NAME)";
				SWIFT_VERSION = 4.2;
				TEST_HOST = "$(BUILT_PRODUCTS_DIR)/Scheduler.app/Contents/MacOS/Scheduler";
			};
			name = Debug;
		};
		1B93BE49220C08F2003F082A /* Release */ = {
			isa = XCBuildConfiguration;
			buildSettings = {
				ALWAYS_EMBED_SWIFT_STANDARD_LIBRARIES = YES;
				BUNDLE_LOADER = "$(TEST_HOST)";
				CODE_SIGN_STYLE = Automatic;
				COMBINE_HIDPI_IMAGES = YES;
				INFOPLIST_FILE = SchedulerTests/Info.plist;
				LD_RUNPATH_SEARCH_PATHS = (
					"$(inherited)",
					"@executable_path/../Frameworks",
					"@loader_path/../Frameworks",
				);
				PRODUCT_BUNDLE_IDENTIFIER = edu.umich.michbraz.SchedulerTests;
				PRODUCT_NAME = "$(TARGET_NAME)";
				SWIFT_VERSION = 4.2;
				TEST_HOST = "$(BUILT_PRODUCTS_DIR)/Scheduler.app/Contents/MacOS/Scheduler";
			};
			name = Release;
		};
		1B93BE4B220C08F2003F082A /* Debug */ = {
			isa = XCBuildConfiguration;
			buildSettings = {
				ALWAYS_EMBED_SWIFT_STANDARD_LIBRARIES = YES;
				CODE_SIGN_STYLE = Automatic;
				COMBINE_HIDPI_IMAGES = YES;
				INFOPLIST_FILE = SchedulerUITests/Info.plist;
				LD_RUNPATH_SEARCH_PATHS = (
					"$(inherited)",
					"@executable_path/../Frameworks",
					"@loader_path/../Frameworks",
				);
				PRODUCT_BUNDLE_IDENTIFIER = edu.umich.michbraz.SchedulerUITests;
				PRODUCT_NAME = "$(TARGET_NAME)";
				SWIFT_VERSION = 4.2;
				TEST_TARGET_NAME = Scheduler;
			};
			name = Debug;
		};
		1B93BE4C220C08F2003F082A /* Release */ = {
			isa = XCBuildConfiguration;
			buildSettings = {
				ALWAYS_EMBED_SWIFT_STANDARD_LIBRARIES = YES;
				CODE_SIGN_STYLE = Automatic;
				COMBINE_HIDPI_IMAGES = YES;
				INFOPLIST_FILE = SchedulerUITests/Info.plist;
				LD_RUNPATH_SEARCH_PATHS = (
					"$(inherited)",
					"@executable_path/../Frameworks",
					"@loader_path/../Frameworks",
				);
				PRODUCT_BUNDLE_IDENTIFIER = edu.umich.michbraz.SchedulerUITests;
				PRODUCT_NAME = "$(TARGET_NAME)";
				SWIFT_VERSION = 4.2;
				TEST_TARGET_NAME = Scheduler;
			};
			name = Release;
		};
/* End XCBuildConfiguration section */

/* Begin XCConfigurationList section */
		1B93BE19220C08F0003F082A /* Build configuration list for PBXProject "Scheduler" */ = {
			isa = XCConfigurationList;
			buildConfigurations = (
				1B93BE42220C08F2003F082A /* Debug */,
				1B93BE43220C08F2003F082A /* Release */,
			);
			defaultConfigurationIsVisible = 0;
			defaultConfigurationName = Release;
		};
		1B93BE44220C08F2003F082A /* Build configuration list for PBXNativeTarget "Scheduler" */ = {
			isa = XCConfigurationList;
			buildConfigurations = (
				1B93BE45220C08F2003F082A /* Debug */,
				1B93BE46220C08F2003F082A /* Release */,
			);
			defaultConfigurationIsVisible = 0;
			defaultConfigurationName = Release;
		};
		1B93BE47220C08F2003F082A /* Build configuration list for PBXNativeTarget "SchedulerTests" */ = {
			isa = XCConfigurationList;
			buildConfigurations = (
				1B93BE48220C08F2003F082A /* Debug */,
				1B93BE49220C08F2003F082A /* Release */,
			);
			defaultConfigurationIsVisible = 0;
			defaultConfigurationName = Release;
		};
		1B93BE4A220C08F2003F082A /* Build configuration list for PBXNativeTarget "SchedulerUITests" */ = {
			isa = XCConfigurationList;
			buildConfigurations = (
				1B93BE4B220C08F2003F082A /* Debug */,
				1B93BE4C220C08F2003F082A /* Release */,
			);
			defaultConfigurationIsVisible = 0;
			defaultConfigurationName = Release;
		};
/* End XCConfigurationList section */
	};
	rootObject = 1B93BE16220C08F0003F082A /* Project object */;
}
